
Microsoft Visual Studio Solution File, Format Version 12.00
# Visual Studio Version 16
VisualStudioVersion = 16.0.31005.135
MinimumVisualStudioVersion = 10.0.40219.1
Project("{FAE04EC0-301F-11D3-BF4B-00C04F79EFBC}") = "avitoParse", "avitoParse\avitoParse.csproj", "{DAA35497-34E6-481B-874A-160E3038ADA7}"
EndProject
Global
	GlobalSection(SolutionConfigurationPlatforms) = preSolution
		Debug|Any CPU = Debug|Any CPU
		Release|Any CPU = Release|Any CPU
	EndGlobalSection
	GlobalSection(ProjectConfigurationPlatforms) = postSolution
		{DAA35497-34E6-481B-874A-160E3038ADA7}.Debug|Any CPU.ActiveCfg = Debug|Any CPU
		{DAA35497-34E6-481B-874A-160E3038ADA7}.Debug|Any CPU.Build.0 = Debug|Any CPU
		{DAA35497-34E6-481B-874A-160E3038ADA7}.Release|Any CPU.ActiveCfg = Release|Any CPU
		{DAA35497-34E6-481B-874A-160E3038ADA7}.Release|Any CPU.Build.0 = Release|Any CPU
	EndGlobalSection
	GlobalSection(SolutionProperties) = preSolution
		HideSolutionNode = FALSE
	EndGlobalSection
	GlobalSection(ExtensibilityGlobals) = postSolution
		SolutionGuid = {8B8653F8-C7EE-4653-8620-E7ED2F125FB6}
	EndGlobalSection
EndGlobal
